
Microsoft Visual Studio Solution File, Format Version 12.00
Project("{FAE04EC0-301F-11D3-BF4B-00C04F79EFBC}") = "NemTracker", "NemTracker\NemTracker.csproj", "{7271058F-0E9F-459D-B035-7438728794F6}"
EndProject
Global
	GlobalSection(SolutionConfigurationPlatforms) = preSolution
		Debug|Any CPU = Debug|Any CPU
		Release|Any CPU = Release|Any CPU
	EndGlobalSection
	GlobalSection(ProjectConfigurationPlatforms) = postSolution
		{7271058F-0E9F-459D-B035-7438728794F6}.Debug|Any CPU.ActiveCfg = Debug|Any CPU
		{7271058F-0E9F-459D-B035-7438728794F6}.Debug|Any CPU.Build.0 = Debug|Any CPU
		{7271058F-0E9F-459D-B035-7438728794F6}.Release|Any CPU.ActiveCfg = Release|Any CPU
		{7271058F-0E9F-459D-B035-7438728794F6}.Release|Any CPU.Build.0 = Release|Any CPU
	EndGlobalSection
EndGlobal
